
Microsoft Visual Studio Solution File, Format Version 12.00
Project("{FAE04EC0-301F-11D3-BF4B-00C04F79EFBC}") = "testDebugging", "testDebugging\testDebugging.csproj", "{80811188-B6BD-4104-810F-C3CC40A4F2A7}"
EndProject
Global
	GlobalSection(SolutionConfigurationPlatforms) = preSolution
		Debug|Any CPU = Debug|Any CPU
		Release|Any CPU = Release|Any CPU
	EndGlobalSection
	GlobalSection(ProjectConfigurationPlatforms) = postSolution
		{80811188-B6BD-4104-810F-C3CC40A4F2A7}.Debug|Any CPU.ActiveCfg = Debug|Any CPU
		{80811188-B6BD-4104-810F-C3CC40A4F2A7}.Debug|Any CPU.Build.0 = Debug|Any CPU
		{80811188-B6BD-4104-810F-C3CC40A4F2A7}.Release|Any CPU.ActiveCfg = Release|Any CPU
		{80811188-B6BD-4104-810F-C3CC40A4F2A7}.Release|Any CPU.Build.0 = Release|Any CPU
	EndGlobalSection
EndGlobal
